<?xml version="1.0" encoding="utf-8"?>
<Project ToolsVersion="4.0" xmlns="http://schemas.microsoft.com/developer/msbuild/2003">
  <ItemGroup>
    <Filter Include="Resource Files">
      <UniqueIdentifier>{67DA6AB6-F800-4c08-8B7A-83BB121AAD01}</UniqueIdentifier>
      <Extensions>rc;ico;cur;bmp;dlg;rc2;rct;bin;rgs;gif;jpg;jpeg;jpe;resx;tiff;tif;png;wav</Extensions>
    </Filter>
  </ItemGroup>
  <ItemGroup>
    <None Include="res\CPCPhoenix.ico">
      <Filter>Resource Files</Filter>
    </None>
    <None Include="res\CPCPhoenix.rc2">
      <Filter>Resource Files</Filter>
    </None>
    <None Include="res\Toolbar.bmp">
      <Filter>Resource Files</Filter>
    </None>
  </ItemGroup>
  <ItemGroup>
    <ResourceCompile Include="res\CPCPhoenix.rc">
      <Filter>Resource Files</Filter>
    </ResourceCompile>
  </ItemGroup>
  <ItemGroup>
    <ClInclude Include="Application.h" />
    <ClInclude Include="AppWindow.h" />
    <ClInclude Include="Settings.h" />
    <ClInclude Include="stdafx.h" />
    <ClInclude Include="WindowsKeyStateProvider.h" />
    <ClInclude Include="WinSoundOutput.h" />
    <ClInclude Include="res\Resource.h">
      <Filter>Resource Files</Filter>
    </ClInclude>
    <ClInclude Include="RenderingApi.h" />
    <ClInclude Include="TextureVideoOutput.h" />
    <ClInclude Include="Debugger.h" />
    <ClInclude Include="SnaSnapshotReadWrite.h" />
    <ClInclude Include="SoundAnalyzer.h" />
    <ClInclude Include="ProgramAnalyzer.h" />
  </ItemGroup>
  <ItemGroup>
    <ClCompile Include="Application.cpp" />
    <ClCompile Include="AppWindow.cpp" />
    <ClCompile Include="Main.cpp" />
    <ClCompile Include="Settings.cpp" />
    <ClCompile Include="stdafx.cpp" />
    <ClCompile Include="WindowsKeyStateProvider.cpp" />
    <ClCompile Include="WinSoundOutput.cpp" />
    <ClCompile Include="RenderingApi.cpp" />
    <ClCompile Include="TextureVideoOutput.cpp" />
    <ClCompile Include="Debugger.cpp" />
    <ClCompile Include="SnaSnapshotReadWrite.cpp" />
    <ClCompile Include="SoundAnalyzer.cpp" />
    <ClCompile Include="ProgramAnalyzer.cpp" />
  </ItemGroup>
</Project>