<?xml version="1.0" encoding="utf-8"?>
<Project ToolsVersion="4.0" xmlns="http://schemas.microsoft.com/developer/msbuild/2003">
  <ItemGroup>
    <Filter Include="include">
      <UniqueIdentifier>{411fe7dd-7a87-4aac-9186-5026ff9c76c2}</UniqueIdentifier>
    </Filter>
  </ItemGroup>
  <ItemGroup>
    <ClInclude Include="include\z80ex.h">
      <Filter>include</Filter>
    </ClInclude>
    <ClInclude Include="include\z80ex_common.h">
      <Filter>include</Filter>
    </ClInclude>
    <ClInclude Include="include\z80ex_dasm.h">
      <Filter>include</Filter>
    </ClInclude>
    <ClInclude Include="macros.h" />
    <ClInclude Include="typedefs.h" />
  </ItemGroup>
  <ItemGroup>
    <ClCompile Include="z80ex.c" />
    <ClCompile Include="z80ex_dasm.c" />
  </ItemGroup>
</Project>