
Microsoft Visual Studio Solution File, Format Version 12.00
# Visual Studio 15
VisualStudioVersion = 15.0.28010.2026
MinimumVisualStudioVersion = 10.0.40219.1
Project("{8BC9CEB8-8B4A-11D0-8D11-00A0C91BC942}") = "CPCPhoenix", "CPCPhoenix\CPCPhoenix.vcxproj", "{A8AAA06A-1A7A-4054-9A8F-DBA97368F2E7}"
EndProject
Project("{8BC9CEB8-8B4A-11D0-8D11-00A0C91BC942}") = "Base", "Base\kmbBase.vcxproj", "{8E18F230-3CCD-469D-AEFF-6B453862059A}"
EndProject
Project("{8BC9CEB8-8B4A-11D0-8D11-00A0C91BC942}") = "AmstradCPC", "AmstradCPC\AmstradCPC.vcxproj", "{32DD879B-2DE7-4AA7-96CC-DF25BD488402}"
EndProject
Global
	GlobalSection(SolutionConfigurationPlatforms) = preSolution
		Debug|Win32 = Debug|Win32
		Release|Win32 = Release|Win32
	EndGlobalSection
	GlobalSection(ProjectConfigurationPlatforms) = postSolution
		{A8AAA06A-1A7A-4054-9A8F-DBA97368F2E7}.Debug|Win32.ActiveCfg = Debug|Win32
		{A8AAA06A-1A7A-4054-9A8F-DBA97368F2E7}.Debug|Win32.Build.0 = Debug|Win32
		{A8AAA06A-1A7A-4054-9A8F-DBA97368F2E7}.Release|Win32.ActiveCfg = Release|Win32
		{A8AAA06A-1A7A-4054-9A8F-DBA97368F2E7}.Release|Win32.Build.0 = Release|Win32
		{8E18F230-3CCD-469D-AEFF-6B453862059A}.Debug|Win32.ActiveCfg = Debug|Win32
		{8E18F230-3CCD-469D-AEFF-6B453862059A}.Debug|Win32.Build.0 = Debug|Win32
		{8E18F230-3CCD-469D-AEFF-6B453862059A}.Release|Win32.ActiveCfg = Release|Win32
		{8E18F230-3CCD-469D-AEFF-6B453862059A}.Release|Win32.Build.0 = Release|Win32
		{32DD879B-2DE7-4AA7-96CC-DF25BD488402}.Debug|Win32.ActiveCfg = Debug|Win32
		{32DD879B-2DE7-4AA7-96CC-DF25BD488402}.Debug|Win32.Build.0 = Debug|Win32
		{32DD879B-2DE7-4AA7-96CC-DF25BD488402}.Release|Win32.ActiveCfg = Release|Win32
		{32DD879B-2DE7-4AA7-96CC-DF25BD488402}.Release|Win32.Build.0 = Release|Win32
	EndGlobalSection
	GlobalSection(SolutionProperties) = preSolution
		HideSolutionNode = FALSE
	EndGlobalSection
	GlobalSection(ExtensibilityGlobals) = postSolution
		SolutionGuid = {EE2379A0-647B-43BF-AF20-A105F59B96F3}
	EndGlobalSection
EndGlobal
