
Microsoft Visual Studio Solution File, Format Version 10.00
# Visual Studio 2008
Project("{8BC9CEB8-8B4A-11D0-8D11-00A0C91BC942}") = "CPCPhoenix", "CPCPhoenix\CPCPhoenix.vcproj", "{A8AAA06A-1A7A-4054-9A8F-DBA97368F2E7}"
	ProjectSection(ProjectDependencies) = postProject
		{F78B01D1-B3C1-40A6-86B3-8EC8BC63D445} = {F78B01D1-B3C1-40A6-86B3-8EC8BC63D445}
	EndProjectSection
EndProject
Project("{8BC9CEB8-8B4A-11D0-8D11-00A0C91BC942}") = "z80ex", "z80ex\z80ex.vcproj", "{F78B01D1-B3C1-40A6-86B3-8EC8BC63D445}"
EndProject
Project("{8BC9CEB8-8B4A-11D0-8D11-00A0C91BC942}") = "kmbBase", "Base\kmbBase.vcproj", "{8E18F230-3CCD-469D-AEFF-6B453862059A}"
EndProject
Global
	GlobalSection(SolutionConfigurationPlatforms) = preSolution
		Debug|Win32 = Debug|Win32
		Release|Win32 = Release|Win32
	EndGlobalSection
	GlobalSection(ProjectConfigurationPlatforms) = postSolution
		{A8AAA06A-1A7A-4054-9A8F-DBA97368F2E7}.Debug|Win32.ActiveCfg = Debug|Win32
		{A8AAA06A-1A7A-4054-9A8F-DBA97368F2E7}.Debug|Win32.Build.0 = Debug|Win32
		{A8AAA06A-1A7A-4054-9A8F-DBA97368F2E7}.Release|Win32.ActiveCfg = Release|Win32
		{A8AAA06A-1A7A-4054-9A8F-DBA97368F2E7}.Release|Win32.Build.0 = Release|Win32
		{F78B01D1-B3C1-40A6-86B3-8EC8BC63D445}.Debug|Win32.ActiveCfg = Debug|Win32
		{F78B01D1-B3C1-40A6-86B3-8EC8BC63D445}.Debug|Win32.Build.0 = Debug|Win32
		{F78B01D1-B3C1-40A6-86B3-8EC8BC63D445}.Release|Win32.ActiveCfg = Release|Win32
		{F78B01D1-B3C1-40A6-86B3-8EC8BC63D445}.Release|Win32.Build.0 = Release|Win32
		{8E18F230-3CCD-469D-AEFF-6B453862059A}.Debug|Win32.ActiveCfg = Debug|Win32
		{8E18F230-3CCD-469D-AEFF-6B453862059A}.Debug|Win32.Build.0 = Debug|Win32
		{8E18F230-3CCD-469D-AEFF-6B453862059A}.Release|Win32.ActiveCfg = Release|Win32
		{8E18F230-3CCD-469D-AEFF-6B453862059A}.Release|Win32.Build.0 = Release|Win32
	EndGlobalSection
	GlobalSection(SolutionProperties) = preSolution
		HideSolutionNode = FALSE
	EndGlobalSection
EndGlobal
