<?xml version="1.0" encoding="utf-8"?>
<Project ToolsVersion="4.0" xmlns="http://schemas.microsoft.com/developer/msbuild/2003">
  <ItemGroup>
    <Filter Include="Misc">
      <UniqueIdentifier>{4fd81e38-ed60-487f-9df4-e6b8262db563}</UniqueIdentifier>
    </Filter>
    <Filter Include="Debug">
      <UniqueIdentifier>{e74c94b2-861c-43a9-83c4-c43c17803fdc}</UniqueIdentifier>
    </Filter>
    <Filter Include="File">
      <UniqueIdentifier>{444b8ee1-de13-499f-b3c7-1dcd7b963627}</UniqueIdentifier>
    </Filter>
    <Filter Include="Timer">
      <UniqueIdentifier>{20b5093a-f4ea-4318-bc49-3dbb1db72f1a}</UniqueIdentifier>
    </Filter>
    <Filter Include="Window">
      <UniqueIdentifier>{0c1181e6-21fc-4674-aec0-c45d6c54bd88}</UniqueIdentifier>
    </Filter>
    <Filter Include="Stream">
      <UniqueIdentifier>{5c7f950a-48e3-48fc-9195-43e0ee30c1fa}</UniqueIdentifier>
    </Filter>
  </ItemGroup>
  <ItemGroup>
    <ClInclude Include="Misc\kmbRefCounted.h">
      <Filter>Misc</Filter>
    </ClInclude>
    <ClInclude Include="Misc\kmbSingleton.h">
      <Filter>Misc</Filter>
    </ClInclude>
    <ClInclude Include="Debug\kmbAsserts.h">
      <Filter>Debug</Filter>
    </ClInclude>
    <ClInclude Include="File\kmbFile.h">
      <Filter>File</Filter>
    </ClInclude>
    <ClInclude Include="Timer\kmbPrecisionTimer.h">
      <Filter>Timer</Filter>
    </ClInclude>
    <ClInclude Include="Window\kmbDialogBox.h">
      <Filter>Window</Filter>
    </ClInclude>
    <ClInclude Include="Window\kmbWindow.h">
      <Filter>Window</Filter>
    </ClInclude>
    <ClInclude Include="Stream\kmbFileInputStream.h">
      <Filter>Stream</Filter>
    </ClInclude>
    <ClInclude Include="Stream\kmbFileOutputStream.h">
      <Filter>Stream</Filter>
    </ClInclude>
    <ClInclude Include="Stream\kmbInputStream.h">
      <Filter>Stream</Filter>
    </ClInclude>
    <ClInclude Include="Stream\kmbMemoryInputStream.h">
      <Filter>Stream</Filter>
    </ClInclude>
    <ClInclude Include="Stream\kmbMemoryOutputStream.h">
      <Filter>Stream</Filter>
    </ClInclude>
    <ClInclude Include="Stream\kmbOutputStream.h">
      <Filter>Stream</Filter>
    </ClInclude>
    <ClInclude Include="Stream\kmbStreamTypes.h">
      <Filter>Stream</Filter>
    </ClInclude>
    <ClInclude Include="kmbGlobalDefs.h" />
    <ClInclude Include="kmbGlobalOptions_Debug.h" />
    <ClInclude Include="kmbGlobalOptions_Release.h" />
    <ClInclude Include="PCH_kmbBase.h" />
  </ItemGroup>
  <ItemGroup>
    <ClCompile Include="Debug\kmbAsserts.cpp">
      <Filter>Debug</Filter>
    </ClCompile>
    <ClCompile Include="File\kmbFile.cpp">
      <Filter>File</Filter>
    </ClCompile>
    <ClCompile Include="Timer\kmbPrecisionTimer.cpp">
      <Filter>Timer</Filter>
    </ClCompile>
    <ClCompile Include="Window\kmbDialogBox.cpp">
      <Filter>Window</Filter>
    </ClCompile>
    <ClCompile Include="Window\kmbWindow.cpp">
      <Filter>Window</Filter>
    </ClCompile>
    <ClCompile Include="Stream\kmbFileInputStream.cpp">
      <Filter>Stream</Filter>
    </ClCompile>
    <ClCompile Include="Stream\kmbFileOutputStream.cpp">
      <Filter>Stream</Filter>
    </ClCompile>
    <ClCompile Include="Stream\kmbInputStream.cpp">
      <Filter>Stream</Filter>
    </ClCompile>
    <ClCompile Include="Stream\kmbMemoryInputStream.cpp">
      <Filter>Stream</Filter>
    </ClCompile>
    <ClCompile Include="Stream\kmbMemoryOutputStream.cpp">
      <Filter>Stream</Filter>
    </ClCompile>
    <ClCompile Include="Stream\kmbOutputStream.cpp">
      <Filter>Stream</Filter>
    </ClCompile>
    <ClCompile Include="PCH_kmbBase.cpp" />
  </ItemGroup>
  <ItemGroup>
    <None Include="File\kmbFile.inl">
      <Filter>File</Filter>
    </None>
    <None Include="Timer\kmbPrecisionTimer.inl">
      <Filter>Timer</Filter>
    </None>
    <None Include="Stream\kmbInputStream.inl">
      <Filter>Stream</Filter>
    </None>
    <None Include="Stream\kmbOutputStream.inl">
      <Filter>Stream</Filter>
    </None>
  </ItemGroup>
</Project>